
Microsoft Visual Studio Solution File, Format Version 12.00
# Visual Studio Version 16
VisualStudioVersion = 16.0.31105.61
MinimumVisualStudioVersion = 10.0.40219.1
Project("{FAE04EC0-301F-11D3-BF4B-00C04F79EFBC}") = "MyAbst", "MyAbst\MyAbst.csproj", "{867989AF-F0B9-453B-AA05-3F6ABC8D5EB5}"
EndProject
Global
	GlobalSection(SolutionConfigurationPlatforms) = preSolution
		Debug|Any CPU = Debug|Any CPU
		Release|Any CPU = Release|Any CPU
	EndGlobalSection
	GlobalSection(ProjectConfigurationPlatforms) = postSolution
		{867989AF-F0B9-453B-AA05-3F6ABC8D5EB5}.Debug|Any CPU.ActiveCfg = Debug|Any CPU
		{867989AF-F0B9-453B-AA05-3F6ABC8D5EB5}.Debug|Any CPU.Build.0 = Debug|Any CPU
		{867989AF-F0B9-453B-AA05-3F6ABC8D5EB5}.Release|Any CPU.ActiveCfg = Release|Any CPU
		{867989AF-F0B9-453B-AA05-3F6ABC8D5EB5}.Release|Any CPU.Build.0 = Release|Any CPU
	EndGlobalSection
	GlobalSection(SolutionProperties) = preSolution
		HideSolutionNode = FALSE
	EndGlobalSection
	GlobalSection(ExtensibilityGlobals) = postSolution
		SolutionGuid = {54980F09-2ECE-497C-924E-58298D643DE3}
	EndGlobalSection
EndGlobal
